
Microsoft Visual Studio Solution File, Format Version 12.00
# Visual Studio Version 17
VisualStudioVersion = 17.0.31903.59
MinimumVisualStudioVersion = 10.0.40219.1
Project("{FAE04EC0-301F-11D3-BF4B-00C04F79EFBC}") = "CarsApi", "CarsApi\CarsApi.csproj", "{F9311EE5-E014-4453-B2D8-2DFB78113218}"
EndProject
Project("{FAE04EC0-301F-11D3-BF4B-00C04F79EFBC}") = "CarsApi.Tests", "CarsApi.Tests\CarsApi.Tests.csproj", "{E51E0009-21F5-4C8B-99CD-9318A7829011}"
EndProject
Global
	GlobalSection(SolutionConfigurationPlatforms) = preSolution
		Debug|Any CPU = Debug|Any CPU
		Debug|x64 = Debug|x64
		Debug|x86 = Debug|x86
		Release|Any CPU = Release|Any CPU
		Release|x64 = Release|x64
		Release|x86 = Release|x86
	EndGlobalSection
	GlobalSection(ProjectConfigurationPlatforms) = postSolution
		{F9311EE5-E014-4453-B2D8-2DFB78113218}.Debug|Any CPU.ActiveCfg = Debug|Any CPU
		{F9311EE5-E014-4453-B2D8-2DFB78113218}.Debug|Any CPU.Build.0 = Debug|Any CPU
		{F9311EE5-E014-4453-B2D8-2DFB78113218}.Debug|x64.ActiveCfg = Debug|Any CPU
		{F9311EE5-E014-4453-B2D8-2DFB78113218}.Debug|x64.Build.0 = Debug|Any CPU
		{F9311EE5-E014-4453-B2D8-2DFB78113218}.Debug|x86.ActiveCfg = Debug|Any CPU
		{F9311EE5-E014-4453-B2D8-2DFB78113218}.Debug|x86.Build.0 = Debug|Any CPU
		{F9311EE5-E014-4453-B2D8-2DFB78113218}.Release|Any CPU.ActiveCfg = Release|Any CPU
		{F9311EE5-E014-4453-B2D8-2DFB78113218}.Release|Any CPU.Build.0 = Release|Any CPU
		{F9311EE5-E014-4453-B2D8-2DFB78113218}.Release|x64.ActiveCfg = Release|Any CPU
		{F9311EE5-E014-4453-B2D8-2DFB78113218}.Release|x64.Build.0 = Release|Any CPU
		{F9311EE5-E014-4453-B2D8-2DFB78113218}.Release|x86.ActiveCfg = Release|Any CPU
		{F9311EE5-E014-4453-B2D8-2DFB78113218}.Release|x86.Build.0 = Release|Any CPU
		{E51E0009-21F5-4C8B-99CD-9318A7829011}.Debug|Any CPU.ActiveCfg = Debug|Any CPU
		{E51E0009-21F5-4C8B-99CD-9318A7829011}.Debug|Any CPU.Build.0 = Debug|Any CPU
		{E51E0009-21F5-4C8B-99CD-9318A7829011}.Debug|x64.ActiveCfg = Debug|Any CPU
		{E51E0009-21F5-4C8B-99CD-9318A7829011}.Debug|x64.Build.0 = Debug|Any CPU
		{E51E0009-21F5-4C8B-99CD-9318A7829011}.Debug|x86.ActiveCfg = Debug|Any CPU
		{E51E0009-21F5-4C8B-99CD-9318A7829011}.Debug|x86.Build.0 = Debug|Any CPU
		{E51E0009-21F5-4C8B-99CD-9318A7829011}.Release|Any CPU.ActiveCfg = Release|Any CPU
		{E51E0009-21F5-4C8B-99CD-9318A7829011}.Release|Any CPU.Build.0 = Release|Any CPU
		{E51E0009-21F5-4C8B-99CD-9318A7829011}.Release|x64.ActiveCfg = Release|Any CPU
		{E51E0009-21F5-4C8B-99CD-9318A7829011}.Release|x64.Build.0 = Release|Any CPU
		{E51E0009-21F5-4C8B-99CD-9318A7829011}.Release|x86.ActiveCfg = Release|Any CPU
		{E51E0009-21F5-4C8B-99CD-9318A7829011}.Release|x86.Build.0 = Release|Any CPU
	EndGlobalSection
	GlobalSection(SolutionProperties) = preSolution
		HideSolutionNode = FALSE
	EndGlobalSection
EndGlobal
